
Microsoft Visual Studio Solution File, Format Version 12.00
# Visual Studio Version 16
VisualStudioVersion = 16.0.31005.135
MinimumVisualStudioVersion = 10.0.40219.1
Project("{9A19103F-16F7-4668-BE54-9A1E7A4F7556}") = "WorldCities", "WorldCities\WorldCities.csproj", "{006E366D-EE88-470B-B52C-B137ACDB783D}"
EndProject
Project("{9A19103F-16F7-4668-BE54-9A1E7A4F7556}") = "WorldCities.Models", "WorldCities.Dal\WorldCities.Models.csproj", "{E678B123-10E0-41BE-9692-AAA5B1F1C4DD}"
EndProject
Project("{9A19103F-16F7-4668-BE54-9A1E7A4F7556}") = "WorldCities.Implementations", "WorldCities.Implementations\WorldCities.Implementations.csproj", "{33D74DC1-2F8C-48C2-90AD-615D6489C28F}"
EndProject
Project("{FAE04EC0-301F-11D3-BF4B-00C04F79EFBC}") = "WorldCities.Tests", "WorldCities.Tests\WorldCities.Tests.csproj", "{A1BD83F9-C26E-4D1C-A2FB-99A69FA17A40}"
EndProject
Global
	GlobalSection(SolutionConfigurationPlatforms) = preSolution
		Debug|Any CPU = Debug|Any CPU
		Release|Any CPU = Release|Any CPU
	EndGlobalSection
	GlobalSection(ProjectConfigurationPlatforms) = postSolution
		{006E366D-EE88-470B-B52C-B137ACDB783D}.Debug|Any CPU.ActiveCfg = Debug|Any CPU
		{006E366D-EE88-470B-B52C-B137ACDB783D}.Debug|Any CPU.Build.0 = Debug|Any CPU
		{006E366D-EE88-470B-B52C-B137ACDB783D}.Release|Any CPU.ActiveCfg = Release|Any CPU
		{006E366D-EE88-470B-B52C-B137ACDB783D}.Release|Any CPU.Build.0 = Release|Any CPU
		{E678B123-10E0-41BE-9692-AAA5B1F1C4DD}.Debug|Any CPU.ActiveCfg = Debug|Any CPU
		{E678B123-10E0-41BE-9692-AAA5B1F1C4DD}.Debug|Any CPU.Build.0 = Debug|Any CPU
		{E678B123-10E0-41BE-9692-AAA5B1F1C4DD}.Release|Any CPU.ActiveCfg = Release|Any CPU
		{E678B123-10E0-41BE-9692-AAA5B1F1C4DD}.Release|Any CPU.Build.0 = Release|Any CPU
		{33D74DC1-2F8C-48C2-90AD-615D6489C28F}.Debug|Any CPU.ActiveCfg = Debug|Any CPU
		{33D74DC1-2F8C-48C2-90AD-615D6489C28F}.Debug|Any CPU.Build.0 = Debug|Any CPU
		{33D74DC1-2F8C-48C2-90AD-615D6489C28F}.Release|Any CPU.ActiveCfg = Release|Any CPU
		{33D74DC1-2F8C-48C2-90AD-615D6489C28F}.Release|Any CPU.Build.0 = Release|Any CPU
		{A1BD83F9-C26E-4D1C-A2FB-99A69FA17A40}.Debug|Any CPU.ActiveCfg = Debug|Any CPU
		{A1BD83F9-C26E-4D1C-A2FB-99A69FA17A40}.Debug|Any CPU.Build.0 = Debug|Any CPU
		{A1BD83F9-C26E-4D1C-A2FB-99A69FA17A40}.Release|Any CPU.ActiveCfg = Release|Any CPU
		{A1BD83F9-C26E-4D1C-A2FB-99A69FA17A40}.Release|Any CPU.Build.0 = Release|Any CPU
	EndGlobalSection
	GlobalSection(SolutionProperties) = preSolution
		HideSolutionNode = FALSE
	EndGlobalSection
	GlobalSection(ExtensibilityGlobals) = postSolution
		SolutionGuid = {B846C4A5-FAE3-43B7-9F72-BB92CF2AC81E}
	EndGlobalSection
EndGlobal
